{
  "version": 4,
  "terraform_version": "1.7.5",
  "serial": 3,
  "lineage": "132b64a1-ae0f-6a02-8369-45d7642bfb3b",
  "outputs": {},
  "resources": [
    {
      "mode": "managed",
      "type": "docker_image",
      "name": "tfnginx",
      "provider": "provider[\"registry.terraform.io/kreuzwerker/docker\"]",
      "instances": [
        {
          "schema_version": 0,
          "attributes": {
            "build": [],
            "force_remove": null,
            "id": "sha256:070027a3cbe09ac697570e31174acc1699701bd0626d2cf71e01623f41a10f53nginx:latest",
            "image_id": "sha256:070027a3cbe09ac697570e31174acc1699701bd0626d2cf71e01623f41a10f53",
            "keep_locally": null,
            "name": "nginx:latest",
            "platform": null,
            "pull_triggers": null,
            "repo_digest": "nginx@sha256:6db391d1c0cfb30588ba0bf72ea999404f2764febf0f1f196acd5867ac7efa7e",
            "triggers": null
          },
          "sensitive_attributes": [],
          "private": "bnVsbA=="
        }
      ]
    }
  ],
  "check_results": null
}
